// !$*UTF8*$!
{
	archiveVersion = 1;
	classes = {
	};
	objectVersion = 110;
	objects = {

/* Begin PBXContainerItemProxy section */
		E060493E305DF5600015D66D /* PBXContainerItemProxy */ = {
			isa = PBXContainerItemProxy;
			containerPortal = E0604928305DF55F0015D66D /* Project object */;
			proxyType = 1;
			remoteGlobalIDString = E060492F305DF55F0015D66D;
			remoteInfo = SmartShoppingList;
		};
		E0604948305DF5600015D66D /* PBXContainerItemProxy */ = {
			isa = PBXContainerItemProxy;
			containerPortal = E0604928305DF55F0015D66D /* Project object */;
			proxyType = 1;
			remoteGlobalIDString = E060492F305DF55F0015D66D;
			remoteInfo = SmartShoppingList;
		};
/* End PBXContainerItemProxy section */

/* Begin PBXFileReference section */
		E0604930305DF55F0015D66D /* SmartShoppingList.app */ = {isa = PBXFileReference; explicitFileType = wrapper.application; includeInIndex = 0; path = SmartShoppingList.app; sourceTree = BUILT_PRODUCTS_DIR; };
		E060493D305DF5600015D66D /* SmartShoppingListTests.xctest */ = {isa = PBXFileReference; explicitFileType = wrapper.cfbundle; includeInIndex = 0; path = SmartShoppingListTests.xctest; sourceTree = BUILT_PRODUCTS_DIR; };
		E0604947305DF5600015D66D /* SmartShoppingListUITests.xctest */ = {isa = PBXFileReference; explicitFileType = wrapper.cfbundle; includeInIndex = 0; path = SmartShoppingListUITests.xctest; sourceTree = BUILT_PRODUCTS_DIR; };
/* End PBXFileReference section */

/* Begin PBXFileSystemSynchronizedBuildFileExceptionSet section */
		E06049E4305EB80C0015D66D /* Exceptions for "SmartShoppingList" folder in "SmartShoppingList" target */ = {
			isa = PBXFileSystemSynchronizedBuildFileExceptionSet;
			membershipExceptions = (
				Resources/Configuration/Info.plist,
			);
			target = E060492F305DF55F0015D66D /* SmartShoppingList */;
		};
/* End PBXFileSystemSynchronizedBuildFileExceptionSet section */

/* Begin PBXFileSystemSynchronizedRootGroup section */
		E0604932305DF55F0015D66D /* SmartShoppingList */ = {
			isa = PBXFileSystemSynchronizedRootGroup;
			exceptions = (
				E06049E4305EB80C0015D66D /* Exceptions for "SmartShoppingList" folder in "SmartShoppingList" target */,
			);
			path = SmartShoppingList;
			sourceTree = "<group>";
		};
		E0604940305DF5600015D66D /* SmartShoppingListTests */ = {
			isa = PBXFileSystemSynchronizedRootGroup;
			path = SmartShoppingListTests;
			sourceTree = "<group>";
		};
		E060494A305DF5600015D66D /* SmartShoppingListUITests */ = {
			isa = PBXFileSystemSynchronizedRootGroup;
			path = SmartShoppingListUITests;
			sourceTree = "<group>";
		};
/* End PBXFileSystemSynchronizedRootGroup section */

/* Begin PBXFrameworksBuildPhase section */
		E060492D305DF55F0015D66D /* Frameworks */ = {
			isa = PBXFrameworksBuildPhase;
			files = (
			);
		};
		E060493A305DF5600015D66D /* Frameworks */ = {
			isa = PBXFrameworksBuildPhase;
			files = (
			);
		};
		E0604944305DF5600015D66D /* Frameworks */ = {
			isa = PBXFrameworksBuildPhase;
			files = (
			);
		};
/* End PBXFrameworksBuildPhase section */

/* Begin PBXGroup section */
		E0604927305DF55F0015D66D = {
			isa = PBXGroup;
			children = (
				E0604932305DF55F0015D66D /* SmartShoppingList */,
				E0604940305DF5600015D66D /* SmartShoppingListTests */,
				E060494A305DF5600015D66D /* SmartShoppingListUITests */,
				E0604931305DF55F0015D66D /* Products */,
			);
			sourceTree = "<group>";
		};
		E0604931305DF55F0015D66D /* Products */ = {
			isa = PBXGroup;
			children = (
				E0604930305DF55F0015D66D /* SmartShoppingList.app */,
				E060493D305DF5600015D66D /* SmartShoppingListTests.xctest */,
				E0604947305DF5600015D66D /* SmartShoppingListUITests.xctest */,
			);
			name = Products;
			sourceTree = "<group>";
		};
/* End PBXGroup section */

/* Begin PBXNativeTarget section */
		E060492F305DF55F0015D66D /* SmartShoppingList */ = {
			isa = PBXNativeTarget;
			buildConfigurationList = E060494F305DF5600015D66D /* Build configuration list for PBXNativeTarget "SmartShoppingList" */;
			buildPhases = (
				E060492C305DF55F0015D66D /* Sources */,
				E060492D305DF55F0015D66D /* Frameworks */,
				E060492E305DF55F0015D66D /* Resources */,
			);
			buildRules = (
			);
			fileSystemSynchronizedGroups = (
				E0604932305DF55F0015D66D /* SmartShoppingList */,
			);
			name = SmartShoppingList;
			productName = SmartShoppingList;
			productReference = E0604930305DF55F0015D66D /* SmartShoppingList.app */;
			productType = "com.apple.product-type.application";
		};
		E060493C305DF5600015D66D /* SmartShoppingListTests */ = {
			isa = PBXNativeTarget;
			buildConfigurationList = E0604952305DF5600015D66D /* Build configuration list for PBXNativeTarget "SmartShoppingListTests" */;
			buildPhases = (
				E0604939305DF5600015D66D /* Sources */,
				E060493A305DF5600015D66D /* Frameworks */,
				E060493B305DF5600015D66D /* Resources */,
			);
			buildRules = (
			);
			dependencies = (
				E060493F305DF5600015D66D /* PBXTargetDependency */,
			);
			fileSystemSynchronizedGroups = (
				E0604940305DF5600015D66D /* SmartShoppingListTests */,
			);
			name = SmartShoppingListTests;
			productName = SmartShoppingListTests;
			productReference = E060493D305DF5600015D66D /* SmartShoppingListTests.xctest */;
			productType = "com.apple.product-type.bundle.unit-test";
		};
		E0604946305DF5600015D66D /* SmartShoppingListUITests */ = {
			isa = PBXNativeTarget;
			buildConfigurationList = E0604955305DF5600015D66D /* Build configuration list for PBXNativeTarget "SmartShoppingListUITests" */;
			buildPhases = (
				E0604943305DF5600015D66D /* Sources */,
				E0604944305DF5600015D66D /* Frameworks */,
				E0604945305DF5600015D66D /* Resources */,
			);
			buildRules = (
			);
			dependencies = (
				E0604949305DF5600015D66D /* PBXTargetDependency */,
			);
			fileSystemSynchronizedGroups = (
				E060494A305DF5600015D66D /* SmartShoppingListUITests */,
			);
			name = SmartShoppingListUITests;
			productName = SmartShoppingListUITests;
			productReference = E0604947305DF5600015D66D /* SmartShoppingListUITests.xctest */;
			productType = "com.apple.product-type.bundle.ui-testing";
		};
/* End PBXNativeTarget section */

/* Begin PBXProject section */
		E0604928305DF55F0015D66D /* Project object */ = {
			isa = PBXProject;
			attributes = {
				BuildIndependentTargetsInParallel = 1;
				LastSwiftUpdateCheck = 2700;
				LastUpgradeCheck = 2720;
				TargetAttributes = {
					E060492F305DF55F0015D66D = {
						CreatedOnToolsVersion = 27.0;
					};
					E060493C305DF5600015D66D = {
						CreatedOnToolsVersion = 27.0;
						TestTargetID = E060492F305DF55F0015D66D;
					};
					E0604946305DF5600015D66D = {
						CreatedOnToolsVersion = 27.0;
						TestTargetID = E060492F305DF55F0015D66D;
					};
				};
			};
			buildConfigurationList = E060492B305DF55F0015D66D /* Build configuration list for PBXProject "SmartShoppingList" */;
			developmentRegion = en;
			hasScannedForEncodings = 0;
			knownRegions = (
				en,
				es,
				Base,
			);
			mainGroup = E0604927305DF55F0015D66D;
			minimizedProjectReferenceProxies = 1;
			preferredProjectObjectVersion = 77;
			productRefGroup = E0604931305DF55F0015D66D /* Products */;
			projectDirPath = "";
			projectRoot = "";
			targets = (
				E060492F305DF55F0015D66D /* SmartShoppingList */,
				E060493C305DF5600015D66D /* SmartShoppingListTests */,
				E0604946305DF5600015D66D /* SmartShoppingListUITests */,
			);
		};
/* End PBXProject section */

/* Begin PBXResourcesBuildPhase section */
		E060492E305DF55F0015D66D /* Resources */ = {
			isa = PBXResourcesBuildPhase;
			files = (
			);
		};
		E060493B305DF5600015D66D /* Resources */ = {
			isa = PBXResourcesBuildPhase;
			files = (
			);
		};
		E0604945305DF5600015D66D /* Resources */ = {
			isa = PBXResourcesBuildPhase;
			files = (
			);
		};
/* End PBXResourcesBuildPhase section */

/* Begin PBXSourcesBuildPhase section */
		E060492C305DF55F0015D66D /* Sources */ = {
			isa = PBXSourcesBuildPhase;
			files = (
			);
		};
		E0604939305DF5600015D66D /* Sources */ = {
			isa = PBXSourcesBuildPhase;
			files = (
			);
		};
		E0604943305DF5600015D66D /* Sources */ = {
			isa = PBXSourcesBuildPhase;
			files = (
			);
		};
/* End PBXSourcesBuildPhase section */

/* Begin PBXTargetDependency section */
		E060493F305DF5600015D66D /* PBXTargetDependency */ = {
			isa = PBXTargetDependency;
			target = E060492F305DF55F0015D66D /* SmartShoppingList */;
			targetProxy = E060493E305DF5600015D66D /* PBXContainerItemProxy */;
		};
		E0604949305DF5600015D66D /* PBXTargetDependency */ = {
			isa = PBXTargetDependency;
			target = E060492F305DF55F0015D66D /* SmartShoppingList */;
			targetProxy = E0604948305DF5600015D66D /* PBXContainerItemProxy */;
		};
/* End PBXTargetDependency section */

/* Begin XCBuildConfiguration section */
		E060494D305DF5600015D66D /* Debug configuration for PBXProject "SmartShoppingList" */ = {
			isa = XCBuildConfiguration;
			buildSettings = {
				ALWAYS_SEARCH_USER_PATHS = NO;
				ASSETCATALOG_COMPILER_GENERATE_SWIFT_ASSET_SYMBOL_EXTENSIONS = YES;
				CLANG_ANALYZER_LOCALIZABILITY_NONLOCALIZED = YES;
				CLANG_ANALYZER_NONNULL = YES;
				CLANG_ANALYZER_NUMBER_OBJECT_CONVERSION = YES_AGGRESSIVE;
				CLANG_CXX_LANGUAGE_STANDARD = "gnu++20";
				CLANG_ENABLE_MODULES = YES;
				CLANG_ENABLE_OBJC_ARC = YES;
				CLANG_ENABLE_OBJC_WEAK = YES;
				CLANG_WARN_BLOCK_CAPTURE_AUTORELEASING = YES;
				CLANG_WARN_BOOL_CONVERSION = YES;
				CLANG_WARN_COMMA = YES;
				CLANG_WARN_CONSTANT_CONVERSION = YES;
				CLANG_WARN_DEPRECATED_OBJC_IMPLEMENTATIONS = YES;
				CLANG_WARN_DIRECT_OBJC_ISA_USAGE = YES_ERROR;
				CLANG_WARN_DOCUMENTATION_COMMENTS = YES;
				CLANG_WARN_EMPTY_BODY = YES;
				CLANG_WARN_ENUM_CONVERSION = YES;
				CLANG_WARN_INFINITE_RECURSION = YES;
				CLANG_WARN_INT_CONVERSION = YES;
				CLANG_WARN_NON_LITERAL_NULL_CONVERSION = YES;
				CLANG_WARN_OBJC_IMPLICIT_RETAIN_SELF = YES;
				CLANG_WARN_OBJC_LITERAL_CONVERSION = YES;
				CLANG_WARN_OBJC_ROOT_CLASS = YES_ERROR;
				CLANG_WARN_QUOTED_INCLUDE_IN_FRAMEWORK_HEADER = YES;
				CLANG_WARN_RANGE_LOOP_ANALYSIS = YES;
				CLANG_WARN_STRICT_PROTOTYPES = YES;
				CLANG_WARN_SUSPICIOUS_MOVE = YES;
				CLANG_WARN_UNGUARDED_AVAILABILITY = YES_AGGRESSIVE;
				CLANG_WARN_UNREACHABLE_CODE = YES;
				CLANG_WARN__DUPLICATE_METHOD_MATCH = YES;
				COPY_PHASE_STRIP = NO;
				DEAD_CODE_STRIPPING = YES;
				DEBUG_INFORMATION_FORMAT = dwarf;
				DEVELOPMENT_TEAM = NWN8JUE438;
				ENABLE_STRICT_OBJC_MSGSEND = YES;
				ENABLE_TESTABILITY = YES;
				ENABLE_USER_SCRIPT_SANDBOXING = YES;
				GCC_C_LANGUAGE_STANDARD = gnu17;
				GCC_DYNAMIC_NO_PIC = NO;
				GCC_NO_COMMON_BLOCKS = YES;
				GCC_OPTIMIZATION_LEVEL = 0;
				GCC_PREPROCESSOR_DEFINITIONS = (
					"DEBUG=1",
					"$(inherited)",
				);
				GCC_WARN_64_TO_32_BIT_CONVERSION = YES;
				GCC_WARN_ABOUT_RETURN_TYPE = YES_ERROR;
				GCC_WARN_UNDECLARED_SELECTOR = YES;
				GCC_WARN_UNINITIALIZED_AUTOS = YES_AGGRESSIVE;
				GCC_WARN_UNUSED_FUNCTION = YES;
				GCC_WARN_UNUSED_VARIABLE = YES;
				LOCALIZATION_PREFERS_STRING_CATALOGS = YES;
				MTL_ENABLE_DEBUG_INFO = INCLUDE_SOURCE;
				MTL_FAST_MATH = YES;
				ONLY_ACTIVE_ARCH = YES;
				STRING_CATALOG_GENERATE_SYMBOLS = YES;
				SWIFT_ACTIVE_COMPILATION_CONDITIONS = "DEBUG $(inherited)";
				SWIFT_OPTIMIZATION_LEVEL = "-Onone";
			};
			name = Debug;
		};
		E060494E305DF5600015D66D /* Release configuration for PBXProject "SmartShoppingList" */ = {
			isa = XCBuildConfiguration;
			buildSettings = {
				ALWAYS_SEARCH_USER_PATHS = NO;
				ASSETCATALOG_COMPILER_GENERATE_SWIFT_ASSET_SYMBOL_EXTENSIONS = YES;
				CLANG_ANALYZER_LOCALIZABILITY_NONLOCALIZED = YES;
				CLANG_ANALYZER_NONNULL = YES;
				CLANG_ANALYZER_NUMBER_OBJECT_CONVERSION = YES_AGGRESSIVE;
				CLANG_CXX_LANGUAGE_STANDARD = "gnu++20";
				CLANG_ENABLE_MODULES = YES;
				CLANG_ENABLE_OBJC_ARC = YES;
				CLANG_ENABLE_OBJC_WEAK = YES;
				CLANG_WARN_BLOCK_CAPTURE_AUTORELEASING = YES;
				CLANG_WARN_BOOL_CONVERSION = YES;
				CLANG_WARN_COMMA = YES;
				CLANG_WARN_CONSTANT_CONVERSION = YES;
				CLANG_WARN_DEPRECATED_OBJC_IMPLEMENTATIONS = YES;
				CLANG_WARN_DIRECT_OBJC_ISA_USAGE = YES_ERROR;
				CLANG_WARN_DOCUMENTATION_COMMENTS = YES;
				CLANG_WARN_EMPTY_BODY = YES;
				CLANG_WARN_ENUM_CONVERSION = YES;
				CLANG_WARN_INFINITE_RECURSION = YES;
				CLANG_WARN_INT_CONVERSION = YES;
				CLANG_WARN_NON_LITERAL_NULL_CONVERSION = YES;
				CLANG_WARN_OBJC_IMPLICIT_RETAIN_SELF = YES;
				CLANG_WARN_OBJC_LITERAL_CONVERSION = YES;
				CLANG_WARN_OBJC_ROOT_CLASS = YES_ERROR;
				CLANG_WARN_QUOTED_INCLUDE_IN_FRAMEWORK_HEADER = YES;
				CLANG_WARN_RANGE_LOOP_ANALYSIS = YES;
				CLANG_WARN_STRICT_PROTOTYPES = YES;
				CLANG_WARN_SUSPICIOUS_MOVE = YES;
				CLANG_WARN_UNGUARDED_AVAILABILITY = YES_AGGRESSIVE;
				CLANG_WARN_UNREACHABLE_CODE = YES;
				CLANG_WARN__DUPLICATE_METHOD_MATCH = YES;
				COPY_PHASE_STRIP = NO;
				DEAD_CODE_STRIPPING = YES;
				DEBUG_INFORMATION_FORMAT = "dwarf-with-dsym";
				DEVELOPMENT_TEAM = NWN8JUE438;
				ENABLE_NS_ASSERTIONS = NO;
				ENABLE_STRICT_OBJC_MSGSEND = YES;
				ENABLE_USER_SCRIPT_SANDBOXING = YES;
				GCC_C_LANGUAGE_STANDARD = gnu17;
				GCC_NO_COMMON_BLOCKS = YES;
				GCC_WARN_64_TO_32_BIT_CONVERSION = YES;
				GCC_WARN_ABOUT_RETURN_TYPE = YES_ERROR;
				GCC_WARN_UNDECLARED_SELECTOR = YES;
				GCC_WARN_UNINITIALIZED_AUTOS = YES_AGGRESSIVE;
				GCC_WARN_UNUSED_FUNCTION = YES;
				GCC_WARN_UNUSED_VARIABLE = YES;
				LOCALIZATION_PREFERS_STRING_CATALOGS = YES;
				MTL_ENABLE_DEBUG_INFO = NO;
				MTL_FAST_MATH = YES;
				STRING_CATALOG_GENERATE_SYMBOLS = YES;
				SWIFT_COMPILATION_MODE = wholemodule;
			};
			name = Release;
		};
		E0604950305DF5600015D66D /* Debug configuration for PBXNativeTarget "SmartShoppingList" */ = {
			isa = XCBuildConfiguration;
			buildSettings = {
				ASSETCATALOG_COMPILER_ALTERNATE_APPICON_NAMES = SmartShoppingListIconCheck;
				ASSETCATALOG_COMPILER_APPICON_NAME = SmartShoppingListIconBrain;
				ASSETCATALOG_COMPILER_GLOBAL_ACCENT_COLOR_NAME = AppPrimary;
				CODE_SIGN_ENTITLEMENTS = SmartShoppingList/Resources/Configuration/SmartShoppingList.entitlements;
				CODE_SIGN_STYLE = Automatic;
				CURRENT_PROJECT_VERSION = 1;
				DEAD_CODE_STRIPPING = YES;
				DEVELOPMENT_TEAM = NWN8JUE438;
				ENABLE_APP_SANDBOX = YES;
				ENABLE_HARDENED_RUNTIME = NO;
				ENABLE_PREVIEWS = YES;
				ENABLE_USER_SELECTED_FILES = readonly;
				GCC_TREAT_WARNINGS_AS_ERRORS = YES;
				GENERATE_INFOPLIST_FILE = YES;
				INFOPLIST_FILE = SmartShoppingList/Resources/Configuration/Info.plist;
				INFOPLIST_KEY_LSApplicationCategoryType = "public.app-category.utilities";
				INFOPLIST_KEY_NSMicrophoneUsageDescription = "We use the microphone to transcribe the products and store you dictate.";
				"INFOPLIST_KEY_UIApplicationSceneManifest_Generation[sdk=iphoneos*]" = YES;
				"INFOPLIST_KEY_UIApplicationSceneManifest_Generation[sdk=iphonesimulator*]" = YES;
				"INFOPLIST_KEY_UIApplicationSupportsIndirectInputEvents[sdk=iphoneos*]" = YES;
				"INFOPLIST_KEY_UIApplicationSupportsIndirectInputEvents[sdk=iphonesimulator*]" = YES;
				"INFOPLIST_KEY_UILaunchScreen_Generation[sdk=iphoneos*]" = YES;
				"INFOPLIST_KEY_UILaunchScreen_Generation[sdk=iphonesimulator*]" = YES;
				"INFOPLIST_KEY_UIStatusBarStyle[sdk=iphoneos*]" = UIStatusBarStyleDefault;
				"INFOPLIST_KEY_UIStatusBarStyle[sdk=iphonesimulator*]" = UIStatusBarStyleDefault;
				INFOPLIST_KEY_UISupportedInterfaceOrientations = UIInterfaceOrientationPortrait;
				INFOPLIST_KEY_UISupportedInterfaceOrientations_iPad = "UIInterfaceOrientationLandscapeLeft UIInterfaceOrientationLandscapeRight UIInterfaceOrientationPortrait UIInterfaceOrientationPortraitUpsideDown";
				IPHONEOS_DEPLOYMENT_TARGET = 27.0;
				LD_RUNPATH_SEARCH_PATHS = "@executable_path/Frameworks";
				"LD_RUNPATH_SEARCH_PATHS[sdk=macosx*]" = "@executable_path/../Frameworks";
				MACOSX_DEPLOYMENT_TARGET = 27.0;
				MARKETING_VERSION = 1.0;
				PRODUCT_BUNDLE_IDENTIFIER = com.plusprojects.SmartShoppingList;
				PRODUCT_NAME = "$(TARGET_NAME)";
				REGISTER_APP_GROUPS = YES;
				SDKROOT = auto;
				SHARED_API_BASE_URL = "https://smartshoppinglist-production.up.railway.app";
				SHARED_INVITATION_ORIGIN = "https://smartshoppinglist-production.up.railway.app";
				STRING_CATALOG_GENERATE_SYMBOLS = YES;
				SUPPORTED_PLATFORMS = "iphoneos iphonesimulator";
				SUPPORTS_MACCATALYST = NO;
				SUPPORTS_MAC_DESIGNED_FOR_IPHONE_IPAD = YES;
				SWIFT_APPROACHABLE_CONCURRENCY = YES;
				SWIFT_DEFAULT_ACTOR_ISOLATION = nonisolated;
				SWIFT_EMIT_LOC_STRINGS = YES;
				SWIFT_TREAT_WARNINGS_AS_ERRORS = YES;
				SWIFT_UPCOMING_FEATURE_MEMBER_IMPORT_VISIBILITY = YES;
				SWIFT_VERSION = 6.0;
				TARGETED_DEVICE_FAMILY = "1,2";
				XROS_DEPLOYMENT_TARGET = 27.0;
			};
			name = Debug;
		};
		E0604951305DF5600015D66D /* Release configuration for PBXNativeTarget "SmartShoppingList" */ = {
			isa = XCBuildConfiguration;
			buildSettings = {
				ASSETCATALOG_COMPILER_ALTERNATE_APPICON_NAMES = SmartShoppingListIconCheck;
				ASSETCATALOG_COMPILER_APPICON_NAME = SmartShoppingListIconBrain;
				ASSETCATALOG_COMPILER_GLOBAL_ACCENT_COLOR_NAME = AppPrimary;
				CODE_SIGN_ENTITLEMENTS = SmartShoppingList/Resources/Configuration/SmartShoppingList.entitlements;
				CODE_SIGN_STYLE = Automatic;
				CURRENT_PROJECT_VERSION = 1;
				DEAD_CODE_STRIPPING = YES;
				DEVELOPMENT_TEAM = NWN8JUE438;
				ENABLE_APP_SANDBOX = YES;
				ENABLE_HARDENED_RUNTIME = YES;
				ENABLE_PREVIEWS = YES;
				ENABLE_USER_SELECTED_FILES = readonly;
				GCC_TREAT_WARNINGS_AS_ERRORS = YES;
				GENERATE_INFOPLIST_FILE = YES;
				INFOPLIST_FILE = SmartShoppingList/Resources/Configuration/Info.plist;
				INFOPLIST_KEY_LSApplicationCategoryType = "public.app-category.utilities";
				INFOPLIST_KEY_NSMicrophoneUsageDescription = "We use the microphone to transcribe the products and store you dictate.";
				"INFOPLIST_KEY_UIApplicationSceneManifest_Generation[sdk=iphoneos*]" = YES;
				"INFOPLIST_KEY_UIApplicationSceneManifest_Generation[sdk=iphonesimulator*]" = YES;
				"INFOPLIST_KEY_UIApplicationSupportsIndirectInputEvents[sdk=iphoneos*]" = YES;
				"INFOPLIST_KEY_UIApplicationSupportsIndirectInputEvents[sdk=iphonesimulator*]" = YES;
				"INFOPLIST_KEY_UILaunchScreen_Generation[sdk=iphoneos*]" = YES;
				"INFOPLIST_KEY_UILaunchScreen_Generation[sdk=iphonesimulator*]" = YES;
				"INFOPLIST_KEY_UIStatusBarStyle[sdk=iphoneos*]" = UIStatusBarStyleDefault;
				"INFOPLIST_KEY_UIStatusBarStyle[sdk=iphonesimulator*]" = UIStatusBarStyleDefault;
				INFOPLIST_KEY_UISupportedInterfaceOrientations = UIInterfaceOrientationPortrait;
				INFOPLIST_KEY_UISupportedInterfaceOrientations_iPad = "UIInterfaceOrientationLandscapeLeft UIInterfaceOrientationLandscapeRight UIInterfaceOrientationPortrait UIInterfaceOrientationPortraitUpsideDown";
				IPHONEOS_DEPLOYMENT_TARGET = 27.0;
				LD_RUNPATH_SEARCH_PATHS = "@executable_path/Frameworks";
				"LD_RUNPATH_SEARCH_PATHS[sdk=macosx*]" = "@executable_path/../Frameworks";
				MACOSX_DEPLOYMENT_TARGET = 27.0;
				MARKETING_VERSION = 1.0;
				PRODUCT_BUNDLE_IDENTIFIER = com.plusprojects.SmartShoppingList;
				PRODUCT_NAME = "$(TARGET_NAME)";
				REGISTER_APP_GROUPS = YES;
				SDKROOT = auto;
				SHARED_API_BASE_URL = "https://smartshoppinglist-production.up.railway.app";
				SHARED_INVITATION_ORIGIN = "https://smartshoppinglist-production.up.railway.app";
				STRING_CATALOG_GENERATE_SYMBOLS = YES;
				SUPPORTED_PLATFORMS = "iphoneos iphonesimulator";
				SUPPORTS_MACCATALYST = NO;
				SUPPORTS_MAC_DESIGNED_FOR_IPHONE_IPAD = YES;
				SWIFT_APPROACHABLE_CONCURRENCY = YES;
				SWIFT_DEFAULT_ACTOR_ISOLATION = nonisolated;
				SWIFT_EMIT_LOC_STRINGS = YES;
				SWIFT_TREAT_WARNINGS_AS_ERRORS = YES;
				SWIFT_UPCOMING_FEATURE_MEMBER_IMPORT_VISIBILITY = YES;
				SWIFT_VERSION = 6.0;
				TARGETED_DEVICE_FAMILY = "1,2";
				XROS_DEPLOYMENT_TARGET = 27.0;
			};
			name = Release;
		};
		E0604953305DF5600015D66D /* Debug configuration for PBXNativeTarget "SmartShoppingListTests" */ = {
			isa = XCBuildConfiguration;
			buildSettings = {
				BUNDLE_LOADER = "$(TEST_HOST)";
				CODE_SIGN_STYLE = Automatic;
				CURRENT_PROJECT_VERSION = 1;
				DEAD_CODE_STRIPPING = YES;
				DEVELOPMENT_TEAM = NWN8JUE438;
				GCC_TREAT_WARNINGS_AS_ERRORS = YES;
				GENERATE_INFOPLIST_FILE = YES;
				IPHONEOS_DEPLOYMENT_TARGET = 27.0;
				MACOSX_DEPLOYMENT_TARGET = 27.0;
				MARKETING_VERSION = 1.0;
				PRODUCT_BUNDLE_IDENTIFIER = com.plusprojects.SmartShoppingListTests;
				PRODUCT_NAME = "$(TARGET_NAME)";
				SDKROOT = auto;
				STRING_CATALOG_GENERATE_SYMBOLS = NO;
				SUPPORTED_PLATFORMS = "iphoneos iphonesimulator macosx xros xrsimulator";
				SWIFT_APPROACHABLE_CONCURRENCY = YES;
				SWIFT_EMIT_LOC_STRINGS = NO;
				SWIFT_TREAT_WARNINGS_AS_ERRORS = YES;
				SWIFT_UPCOMING_FEATURE_MEMBER_IMPORT_VISIBILITY = YES;
				SWIFT_VERSION = 6.0;
				TARGETED_DEVICE_FAMILY = "1,2,7";
				TEST_HOST = "$(BUILT_PRODUCTS_DIR)/SmartShoppingList.app/$(BUNDLE_EXECUTABLE_FOLDER_PATH)/SmartShoppingList";
				XROS_DEPLOYMENT_TARGET = 27.0;
			};
			name = Debug;
		};
		E0604954305DF5600015D66D /* Release configuration for PBXNativeTarget "SmartShoppingListTests" */ = {
			isa = XCBuildConfiguration;
			buildSettings = {
				BUNDLE_LOADER = "$(TEST_HOST)";
				CODE_SIGN_STYLE = Automatic;
				CURRENT_PROJECT_VERSION = 1;
				DEAD_CODE_STRIPPING = YES;
				DEVELOPMENT_TEAM = NWN8JUE438;
				GCC_TREAT_WARNINGS_AS_ERRORS = YES;
				GENERATE_INFOPLIST_FILE = YES;
				IPHONEOS_DEPLOYMENT_TARGET = 27.0;
				MACOSX_DEPLOYMENT_TARGET = 27.0;
				MARKETING_VERSION = 1.0;
				PRODUCT_BUNDLE_IDENTIFIER = com.plusprojects.SmartShoppingListTests;
				PRODUCT_NAME = "$(TARGET_NAME)";
				SDKROOT = auto;
				STRING_CATALOG_GENERATE_SYMBOLS = NO;
				SUPPORTED_PLATFORMS = "iphoneos iphonesimulator macosx xros xrsimulator";
				SWIFT_APPROACHABLE_CONCURRENCY = YES;
				SWIFT_EMIT_LOC_STRINGS = NO;
				SWIFT_TREAT_WARNINGS_AS_ERRORS = YES;
				SWIFT_UPCOMING_FEATURE_MEMBER_IMPORT_VISIBILITY = YES;
				SWIFT_VERSION = 6.0;
				TARGETED_DEVICE_FAMILY = "1,2,7";
				TEST_HOST = "$(BUILT_PRODUCTS_DIR)/SmartShoppingList.app/$(BUNDLE_EXECUTABLE_FOLDER_PATH)/SmartShoppingList";
				XROS_DEPLOYMENT_TARGET = 27.0;
			};
			name = Release;
		};
		E0604956305DF5600015D66D /* Debug configuration for PBXNativeTarget "SmartShoppingListUITests" */ = {
			isa = XCBuildConfiguration;
			buildSettings = {
				CODE_SIGN_STYLE = Automatic;
				CURRENT_PROJECT_VERSION = 1;
				DEAD_CODE_STRIPPING = YES;
				DEVELOPMENT_TEAM = NWN8JUE438;
				GCC_TREAT_WARNINGS_AS_ERRORS = YES;
				GENERATE_INFOPLIST_FILE = YES;
				IPHONEOS_DEPLOYMENT_TARGET = 27.0;
				MACOSX_DEPLOYMENT_TARGET = 27.0;
				MARKETING_VERSION = 1.0;
				PRODUCT_BUNDLE_IDENTIFIER = com.plusprojects.SmartShoppingListUITests;
				PRODUCT_NAME = "$(TARGET_NAME)";
				SDKROOT = auto;
				STRING_CATALOG_GENERATE_SYMBOLS = NO;
				SUPPORTED_PLATFORMS = "iphoneos iphonesimulator macosx xros xrsimulator";
				SWIFT_APPROACHABLE_CONCURRENCY = YES;
				SWIFT_EMIT_LOC_STRINGS = NO;
				SWIFT_TREAT_WARNINGS_AS_ERRORS = YES;
				SWIFT_UPCOMING_FEATURE_MEMBER_IMPORT_VISIBILITY = YES;
				SWIFT_VERSION = 6.0;
				TARGETED_DEVICE_FAMILY = "1,2,7";
				TEST_TARGET_NAME = SmartShoppingList;
				XROS_DEPLOYMENT_TARGET = 27.0;
			};
			name = Debug;
		};
		E0604957305DF5600015D66D /* Release configuration for PBXNativeTarget "SmartShoppingListUITests" */ = {
			isa = XCBuildConfiguration;
			buildSettings = {
				CODE_SIGN_STYLE = Automatic;
				CURRENT_PROJECT_VERSION = 1;
				DEAD_CODE_STRIPPING = YES;
				DEVELOPMENT_TEAM = NWN8JUE438;
				GCC_TREAT_WARNINGS_AS_ERRORS = YES;
				GENERATE_INFOPLIST_FILE = YES;
				IPHONEOS_DEPLOYMENT_TARGET = 27.0;
				MACOSX_DEPLOYMENT_TARGET = 27.0;
				MARKETING_VERSION = 1.0;
				PRODUCT_BUNDLE_IDENTIFIER = com.plusprojects.SmartShoppingListUITests;
				PRODUCT_NAME = "$(TARGET_NAME)";
				SDKROOT = auto;
				STRING_CATALOG_GENERATE_SYMBOLS = NO;
				SUPPORTED_PLATFORMS = "iphoneos iphonesimulator macosx xros xrsimulator";
				SWIFT_APPROACHABLE_CONCURRENCY = YES;
				SWIFT_EMIT_LOC_STRINGS = NO;
				SWIFT_TREAT_WARNINGS_AS_ERRORS = YES;
				SWIFT_UPCOMING_FEATURE_MEMBER_IMPORT_VISIBILITY = YES;
				SWIFT_VERSION = 6.0;
				TARGETED_DEVICE_FAMILY = "1,2,7";
				TEST_TARGET_NAME = SmartShoppingList;
				XROS_DEPLOYMENT_TARGET = 27.0;
			};
			name = Release;
		};
/* End XCBuildConfiguration section */

/* Begin XCConfigurationList section */
		E060492B305DF55F0015D66D /* Build configuration list for PBXProject "SmartShoppingList" */ = {
			isa = XCConfigurationList;
			buildConfigurations = (
				E060494D305DF5600015D66D /* Debug configuration for PBXProject "SmartShoppingList" */,
				E060494E305DF5600015D66D /* Release configuration for PBXProject "SmartShoppingList" */,
			);
			defaultConfigurationName = Release;
		};
		E060494F305DF5600015D66D /* Build configuration list for PBXNativeTarget "SmartShoppingList" */ = {
			isa = XCConfigurationList;
			buildConfigurations = (
				E0604950305DF5600015D66D /* Debug configuration for PBXNativeTarget "SmartShoppingList" */,
				E0604951305DF5600015D66D /* Release configuration for PBXNativeTarget "SmartShoppingList" */,
			);
			defaultConfigurationName = Release;
		};
		E0604952305DF5600015D66D /* Build configuration list for PBXNativeTarget "SmartShoppingListTests" */ = {
			isa = XCConfigurationList;
			buildConfigurations = (
				E0604953305DF5600015D66D /* Debug configuration for PBXNativeTarget "SmartShoppingListTests" */,
				E0604954305DF5600015D66D /* Release configuration for PBXNativeTarget "SmartShoppingListTests" */,
			);
			defaultConfigurationName = Release;
		};
		E0604955305DF5600015D66D /* Build configuration list for PBXNativeTarget "SmartShoppingListUITests" */ = {
			isa = XCConfigurationList;
			buildConfigurations = (
				E0604956305DF5600015D66D /* Debug configuration for PBXNativeTarget "SmartShoppingListUITests" */,
				E0604957305DF5600015D66D /* Release configuration for PBXNativeTarget "SmartShoppingListUITests" */,
			);
			defaultConfigurationName = Release;
		};
/* End XCConfigurationList section */
	};
	rootObject = E0604928305DF55F0015D66D /* Project object */;
	validationLevel = 1;
}
